
Microsoft Visual Studio Solution File, Format Version 12.00
# Visual Studio 14
VisualStudioVersion = 14.0.25420.1
MinimumVisualStudioVersion = 10.0.40219.1
Project("{2150E333-8FDC-42A3-9474-1A3956D46DE8}") = "Engine", "Engine", "{6FD93793-678E-4416-A52B-382AFF454576}"
EndProject
Project("{2150E333-8FDC-42A3-9474-1A3956D46DE8}") = "Games", "Games", "{6ECACF0E-DC06-4D42-BC4A-FF3A1DCFF099}"
EndProject
Project("{8BC9CEB8-8B4A-11D0-8D11-00A0C91BC942}") = "UE4", "Intermediate\ProjectFiles\UE4.vcxproj", "{FF218AAE-EBC8-4099-80C2-FFE4E7F52410}"
EndProject
Project("{8BC9CEB8-8B4A-11D0-8D11-00A0C91BC942}") = "CarProject", "Intermediate\ProjectFiles\CarProject.vcxproj", "{6B76A9FC-F07C-4FC4-96AF-CD4251058329}"
EndProject
Global
	GlobalSection(SolutionConfigurationPlatforms) = preSolution
		DebugGame Editor|HTML5 = DebugGame Editor|HTML5
		DebugGame Editor|IOS = DebugGame Editor|IOS
		DebugGame Editor|Win32 = DebugGame Editor|Win32
		DebugGame Editor|Win64 = DebugGame Editor|Win64
		DebugGame|HTML5 = DebugGame|HTML5
		DebugGame|IOS = DebugGame|IOS
		DebugGame|Win32 = DebugGame|Win32
		DebugGame|Win64 = DebugGame|Win64
		Development Editor|HTML5 = Development Editor|HTML5
		Development Editor|IOS = Development Editor|IOS
		Development Editor|Win32 = Development Editor|Win32
		Development Editor|Win64 = Development Editor|Win64
		Development|HTML5 = Development|HTML5
		Development|IOS = Development|IOS
		Development|Win32 = Development|Win32
		Development|Win64 = Development|Win64
		Shipping|HTML5 = Shipping|HTML5
		Shipping|IOS = Shipping|IOS
		Shipping|Win32 = Shipping|Win32
		Shipping|Win64 = Shipping|Win64
	EndGlobalSection
	GlobalSection(ProjectConfigurationPlatforms) = postSolution
		{FF218AAE-EBC8-4099-80C2-FFE4E7F52410}.DebugGame Editor|HTML5.ActiveCfg = BuiltWithUnrealBuildTool|Win32
		{FF218AAE-EBC8-4099-80C2-FFE4E7F52410}.DebugGame Editor|HTML5.Build.0 = BuiltWithUnrealBuildTool|Win32
		{FF218AAE-EBC8-4099-80C2-FFE4E7F52410}.DebugGame Editor|IOS.ActiveCfg = BuiltWithUnrealBuildTool|Win32
		{FF218AAE-EBC8-4099-80C2-FFE4E7F52410}.DebugGame Editor|IOS.Build.0 = BuiltWithUnrealBuildTool|Win32
		{FF218AAE-EBC8-4099-80C2-FFE4E7F52410}.DebugGame Editor|Win32.ActiveCfg = BuiltWithUnrealBuildTool|Win32
		{FF218AAE-EBC8-4099-80C2-FFE4E7F52410}.DebugGame Editor|Win32.Build.0 = BuiltWithUnrealBuildTool|Win32
		{FF218AAE-EBC8-4099-80C2-FFE4E7F52410}.DebugGame Editor|Win64.ActiveCfg = BuiltWithUnrealBuildTool|Win32
		{FF218AAE-EBC8-4099-80C2-FFE4E7F52410}.DebugGame Editor|Win64.Build.0 = BuiltWithUnrealBuildTool|Win32
		{FF218AAE-EBC8-4099-80C2-FFE4E7F52410}.DebugGame|HTML5.ActiveCfg = BuiltWithUnrealBuildTool|Win32
		{FF218AAE-EBC8-4099-80C2-FFE4E7F52410}.DebugGame|HTML5.Build.0 = BuiltWithUnrealBuildTool|Win32
		{FF218AAE-EBC8-4099-80C2-FFE4E7F52410}.DebugGame|IOS.ActiveCfg = BuiltWithUnrealBuildTool|Win32
		{FF218AAE-EBC8-4099-80C2-FFE4E7F52410}.DebugGame|IOS.Build.0 = BuiltWithUnrealBuildTool|Win32
		{FF218AAE-EBC8-4099-80C2-FFE4E7F52410}.DebugGame|Win32.ActiveCfg = BuiltWithUnrealBuildTool|Win32
		{FF218AAE-EBC8-4099-80C2-FFE4E7F52410}.DebugGame|Win32.Build.0 = BuiltWithUnrealBuildTool|Win32
		{FF218AAE-EBC8-4099-80C2-FFE4E7F52410}.DebugGame|Win64.ActiveCfg = BuiltWithUnrealBuildTool|Win32
		{FF218AAE-EBC8-4099-80C2-FFE4E7F52410}.DebugGame|Win64.Build.0 = BuiltWithUnrealBuildTool|Win32
		{FF218AAE-EBC8-4099-80C2-FFE4E7F52410}.Development Editor|HTML5.ActiveCfg = BuiltWithUnrealBuildTool|Win32
		{FF218AAE-EBC8-4099-80C2-FFE4E7F52410}.Development Editor|HTML5.Build.0 = BuiltWithUnrealBuildTool|Win32
		{FF218AAE-EBC8-4099-80C2-FFE4E7F52410}.Development Editor|IOS.ActiveCfg = BuiltWithUnrealBuildTool|Win32
		{FF218AAE-EBC8-4099-80C2-FFE4E7F52410}.Development Editor|IOS.Build.0 = BuiltWithUnrealBuildTool|Win32
		{FF218AAE-EBC8-4099-80C2-FFE4E7F52410}.Development Editor|Win32.ActiveCfg = BuiltWithUnrealBuildTool|Win32
		{FF218AAE-EBC8-4099-80C2-FFE4E7F52410}.Development Editor|Win32.Build.0 = BuiltWithUnrealBuildTool|Win32
		{FF218AAE-EBC8-4099-80C2-FFE4E7F52410}.Development Editor|Win64.ActiveCfg = BuiltWithUnrealBuildTool|Win32
		{FF218AAE-EBC8-4099-80C2-FFE4E7F52410}.Development Editor|Win64.Build.0 = BuiltWithUnrealBuildTool|Win32
		{FF218AAE-EBC8-4099-80C2-FFE4E7F52410}.Development|HTML5.ActiveCfg = BuiltWithUnrealBuildTool|Win32
		{FF218AAE-EBC8-4099-80C2-FFE4E7F52410}.Development|HTML5.Build.0 = BuiltWithUnrealBuildTool|Win32
		{FF218AAE-EBC8-4099-80C2-FFE4E7F52410}.Development|IOS.ActiveCfg = BuiltWithUnrealBuildTool|Win32
		{FF218AAE-EBC8-4099-80C2-FFE4E7F52410}.Development|IOS.Build.0 = BuiltWithUnrealBuildTool|Win32
		{FF218AAE-EBC8-4099-80C2-FFE4E7F52410}.Development|Win32.ActiveCfg = BuiltWithUnrealBuildTool|Win32
		{FF218AAE-EBC8-4099-80C2-FFE4E7F52410}.Development|Win32.Build.0 = BuiltWithUnrealBuildTool|Win32
		{FF218AAE-EBC8-4099-80C2-FFE4E7F52410}.Development|Win64.ActiveCfg = BuiltWithUnrealBuildTool|Win32
		{FF218AAE-EBC8-4099-80C2-FFE4E7F52410}.Development|Win64.Build.0 = BuiltWithUnrealBuildTool|Win32
		{FF218AAE-EBC8-4099-80C2-FFE4E7F52410}.Shipping|HTML5.ActiveCfg = BuiltWithUnrealBuildTool|Win32
		{FF218AAE-EBC8-4099-80C2-FFE4E7F52410}.Shipping|HTML5.Build.0 = BuiltWithUnrealBuildTool|Win32
		{FF218AAE-EBC8-4099-80C2-FFE4E7F52410}.Shipping|IOS.ActiveCfg = BuiltWithUnrealBuildTool|Win32
		{FF218AAE-EBC8-4099-80C2-FFE4E7F52410}.Shipping|IOS.Build.0 = BuiltWithUnrealBuildTool|Win32
		{FF218AAE-EBC8-4099-80C2-FFE4E7F52410}.Shipping|Win32.ActiveCfg = BuiltWithUnrealBuildTool|Win32
		{FF218AAE-EBC8-4099-80C2-FFE4E7F52410}.Shipping|Win32.Build.0 = BuiltWithUnrealBuildTool|Win32
		{FF218AAE-EBC8-4099-80C2-FFE4E7F52410}.Shipping|Win64.ActiveCfg = BuiltWithUnrealBuildTool|Win32
		{FF218AAE-EBC8-4099-80C2-FFE4E7F52410}.Shipping|Win64.Build.0 = BuiltWithUnrealBuildTool|Win32
		{6B76A9FC-F07C-4FC4-96AF-CD4251058329}.DebugGame Editor|HTML5.ActiveCfg = HTML5_DebugGame_Editor|Win32
		{6B76A9FC-F07C-4FC4-96AF-CD4251058329}.DebugGame Editor|IOS.ActiveCfg = IOS_DebugGame_Editor|Win32
		{6B76A9FC-F07C-4FC4-96AF-CD4251058329}.DebugGame Editor|Win32.ActiveCfg = DebugGame_Editor|Win32
		{6B76A9FC-F07C-4FC4-96AF-CD4251058329}.DebugGame Editor|Win64.ActiveCfg = DebugGame_Editor|x64
		{6B76A9FC-F07C-4FC4-96AF-CD4251058329}.DebugGame Editor|Win64.Build.0 = DebugGame_Editor|x64
		{6B76A9FC-F07C-4FC4-96AF-CD4251058329}.DebugGame|HTML5.ActiveCfg = HTML5_DebugGame_Game|Win32
		{6B76A9FC-F07C-4FC4-96AF-CD4251058329}.DebugGame|HTML5.Build.0 = HTML5_DebugGame_Game|Win32
		{6B76A9FC-F07C-4FC4-96AF-CD4251058329}.DebugGame|IOS.ActiveCfg = IOS_DebugGame_Game|Win32
		{6B76A9FC-F07C-4FC4-96AF-CD4251058329}.DebugGame|IOS.Build.0 = IOS_DebugGame_Game|Win32
		{6B76A9FC-F07C-4FC4-96AF-CD4251058329}.DebugGame|Win32.ActiveCfg = DebugGame_Game|Win32
		{6B76A9FC-F07C-4FC4-96AF-CD4251058329}.DebugGame|Win32.Build.0 = DebugGame_Game|Win32
		{6B76A9FC-F07C-4FC4-96AF-CD4251058329}.DebugGame|Win64.ActiveCfg = DebugGame_Game|x64
		{6B76A9FC-F07C-4FC4-96AF-CD4251058329}.DebugGame|Win64.Build.0 = DebugGame_Game|x64
		{6B76A9FC-F07C-4FC4-96AF-CD4251058329}.Development Editor|HTML5.ActiveCfg = HTML5_Development_Editor|Win32
		{6B76A9FC-F07C-4FC4-96AF-CD4251058329}.Development Editor|IOS.ActiveCfg = IOS_Development_Editor|Win32
		{6B76A9FC-F07C-4FC4-96AF-CD4251058329}.Development Editor|Win32.ActiveCfg = Development_Editor|Win32
		{6B76A9FC-F07C-4FC4-96AF-CD4251058329}.Development Editor|Win64.ActiveCfg = Development_Editor|x64
		{6B76A9FC-F07C-4FC4-96AF-CD4251058329}.Development Editor|Win64.Build.0 = Development_Editor|x64
		{6B76A9FC-F07C-4FC4-96AF-CD4251058329}.Development|HTML5.ActiveCfg = HTML5_Development_Game|Win32
		{6B76A9FC-F07C-4FC4-96AF-CD4251058329}.Development|HTML5.Build.0 = HTML5_Development_Game|Win32
		{6B76A9FC-F07C-4FC4-96AF-CD4251058329}.Development|IOS.ActiveCfg = IOS_Development_Game|Win32
		{6B76A9FC-F07C-4FC4-96AF-CD4251058329}.Development|IOS.Build.0 = IOS_Development_Game|Win32
		{6B76A9FC-F07C-4FC4-96AF-CD4251058329}.Development|Win32.ActiveCfg = Development_Game|Win32
		{6B76A9FC-F07C-4FC4-96AF-CD4251058329}.Development|Win32.Build.0 = Development_Game|Win32
		{6B76A9FC-F07C-4FC4-96AF-CD4251058329}.Development|Win64.ActiveCfg = Development_Game|x64
		{6B76A9FC-F07C-4FC4-96AF-CD4251058329}.Development|Win64.Build.0 = Development_Game|x64
		{6B76A9FC-F07C-4FC4-96AF-CD4251058329}.Shipping|HTML5.ActiveCfg = HTML5_Shipping_Game|Win32
		{6B76A9FC-F07C-4FC4-96AF-CD4251058329}.Shipping|HTML5.Build.0 = HTML5_Shipping_Game|Win32
		{6B76A9FC-F07C-4FC4-96AF-CD4251058329}.Shipping|IOS.ActiveCfg = IOS_Shipping_Game|Win32
		{6B76A9FC-F07C-4FC4-96AF-CD4251058329}.Shipping|IOS.Build.0 = IOS_Shipping_Game|Win32
		{6B76A9FC-F07C-4FC4-96AF-CD4251058329}.Shipping|Win32.ActiveCfg = Shipping_Game|Win32
		{6B76A9FC-F07C-4FC4-96AF-CD4251058329}.Shipping|Win32.Build.0 = Shipping_Game|Win32
		{6B76A9FC-F07C-4FC4-96AF-CD4251058329}.Shipping|Win64.ActiveCfg = Shipping_Game|x64
		{6B76A9FC-F07C-4FC4-96AF-CD4251058329}.Shipping|Win64.Build.0 = Shipping_Game|x64
	EndGlobalSection
	GlobalSection(SolutionProperties) = preSolution
		HideSolutionNode = FALSE
	EndGlobalSection
	GlobalSection(NestedProjects) = preSolution
		{FF218AAE-EBC8-4099-80C2-FFE4E7F52410} = {6FD93793-678E-4416-A52B-382AFF454576}
		{6B76A9FC-F07C-4FC4-96AF-CD4251058329} = {6ECACF0E-DC06-4D42-BC4A-FF3A1DCFF099}
	EndGlobalSection
EndGlobal
